<?xml version="1.0" encoding="utf-8"?>
<Project ToolsVersion="4.0" xmlns="http://schemas.microsoft.com/developer/msbuild/2003">
  <ItemGroup>
    <Filter Include="Source Files">
      <UniqueIdentifier>{4FC737F1-C7A5-4376-A066-2A32D752A2FF}</UniqueIdentifier>
      <Extensions>cpp;c;cc;cxx;c++;cppm;ixx;def;odl;idl;hpj;bat;asm;asmx</Extensions>
    </Filter>
    <Filter Include="Header Files">
      <UniqueIdentifier>{93995380-89BD-4b04-88EB-625FBE52EBFB}</UniqueIdentifier>
      <Extensions>h;hh;hpp;hxx;h++;hm;inl;inc;ipp;xsd</Extensions>
    </Filter>
    <Filter Include="Resource Files">
      <UniqueIdentifier>{67DA6AB6-F800-4c08-8B7A-83BB121AAD01}</UniqueIdentifier>
      <Extensions>rc;ico;cur;bmp;dlg;rc2;rct;bin;rgs;gif;jpg;jpeg;jpe;resx;tiff;tif;png;wav;mfcribbon-ms</Extensions>
    </Filter>
    <Filter Include="Header Files\Player">
      <UniqueIdentifier>{edbfb85a-d5ad-4890-8c60-57eef5c9592d}</UniqueIdentifier>
    </Filter>
    <Filter Include="Header Files\Game">
      <UniqueIdentifier>{1309fe07-657f-4699-921d-34cd6a24e975}</UniqueIdentifier>
    </Filter>
    <Filter Include="Header Files\Level">
      <UniqueIdentifier>{1f1ecac5-7aa8-4d8f-894c-8e5bb8c578f9}</UniqueIdentifier>
    </Filter>
    <Filter Include="Header Files\Hostile">
      <UniqueIdentifier>{b37e70d8-0a13-44a7-90e9-06b49fa88d73}</UniqueIdentifier>
    </Filter>
    <Filter Include="Header Files\Other">
      <UniqueIdentifier>{c17b6794-dda1-4d3c-ac95-a0ab2ae96cb9}</UniqueIdentifier>
    </Filter>
    <Filter Include="Source Files\Game">
      <UniqueIdentifier>{8ce8f187-0ee4-41c8-bacd-ac4d47f9e1d9}</UniqueIdentifier>
    </Filter>
    <Filter Include="Source Files\Level">
      <UniqueIdentifier>{22a50afd-3e43-4938-9afb-8b2d1a19ba1f}</UniqueIdentifier>
    </Filter>
    <Filter Include="Source Files\Hostile">
      <UniqueIdentifier>{abcde918-361a-4a6a-9d7d-103efb009bd3}</UniqueIdentifier>
    </Filter>
    <Filter Include="Source Files\Other">
      <UniqueIdentifier>{ee2d283b-0471-4860-a7f9-f7c073aadca6}</UniqueIdentifier>
    </Filter>
    <Filter Include="Source Files\Player">
      <UniqueIdentifier>{e718acf5-53e0-406e-ab25-f1765a3bc90d}</UniqueIdentifier>
    </Filter>
  </ItemGroup>
  <ItemGroup>
    <ClCompile Include="Alien.cpp">
      <Filter>Source Files\Hostile</Filter>
    </ClCompile>
    <ClCompile Include="Body.cpp">
      <Filter>Source Files\Other</Filter>
    </ClCompile>
    <ClCompile Include="Bullet.cpp">
      <Filter>Source Files\Other</Filter>
    </ClCompile>
    <ClCompile Include="Explosion.cpp">
      <Filter>Source Files\Other</Filter>
    </ClCompile>
    <ClCompile Include="Game.cpp">
      <Filter>Source Files\Game</Filter>
    </ClCompile>
    <ClCompile Include="Level.cpp">
      <Filter>Source Files\Level</Filter>
    </ClCompile>
    <ClCompile Include="main.cpp">
      <Filter>Source Files</Filter>
    </ClCompile>
    <ClCompile Include="Menu.cpp">
      <Filter>Source Files\Game</Filter>
    </ClCompile>
    <ClCompile Include="Ship.cpp">
      <Filter>Source Files\Player</Filter>
    </ClCompile>
    <ClCompile Include="Space.cpp">
      <Filter>Source Files\Level</Filter>
    </ClCompile>
    <ClCompile Include="Spawner.cpp">
      <Filter>Source Files\Hostile</Filter>
    </ClCompile>
  </ItemGroup>
  <ItemGroup>
    <ClInclude Include="Ship.h">
      <Filter>Header Files\Player</Filter>
    </ClInclude>
    <ClInclude Include="Game.h">
      <Filter>Header Files\Game</Filter>
    </ClInclude>
    <ClInclude Include="Menu.h">
      <Filter>Header Files\Game</Filter>
    </ClInclude>
    <ClInclude Include="Space.h">
      <Filter>Header Files\Level</Filter>
    </ClInclude>
    <ClInclude Include="Level.h">
      <Filter>Header Files\Level</Filter>
    </ClInclude>
    <ClInclude Include="Events.h">
      <Filter>Header Files\Other</Filter>
    </ClInclude>
    <ClInclude Include="Explosion.h">
      <Filter>Header Files\Other</Filter>
    </ClInclude>
    <ClInclude Include="Bullet.h">
      <Filter>Header Files\Other</Filter>
    </ClInclude>
    <ClInclude Include="Spawner.h">
      <Filter>Header Files\Hostile</Filter>
    </ClInclude>
    <ClInclude Include="Alien.h">
      <Filter>Header Files\Hostile</Filter>
    </ClInclude>
    <ClInclude Include="Body.h">
      <Filter>Header Files\Other</Filter>
    </ClInclude>
  </ItemGroup>
</Project>